
Microsoft Visual Studio Solution File, Format Version 12.00
# Visual Studio 15
VisualStudioVersion = 15.0.27703.2035
MinimumVisualStudioVersion = 10.0.40219.1
Project("{FAE04EC0-301F-11D3-BF4B-00C04F79EFBC}") = "UberSeries.Android", "UberSeries\UberSeries.Android\UberSeries.Android.csproj", "{ABFC6B2D-8892-4F52-8A1B-E019A7970D22}"
EndProject
Project("{FAE04EC0-301F-11D3-BF4B-00C04F79EFBC}") = "UberSeries.iOS", "UberSeries\UberSeries.iOS\UberSeries.iOS.csproj", "{C7F69D91-70EE-4DFB-9822-1DE125A730D6}"
EndProject
Project("{FAE04EC0-301F-11D3-BF4B-00C04F79EFBC}") = "UberSeries", "UberSeries\UberSeries\UberSeries.csproj", "{90BABD57-31B5-450B-BB2B-7E75FBF5179A}"
EndProject
Global
	GlobalSection(SolutionConfigurationPlatforms) = preSolution
		Ad-Hoc|Any CPU = Ad-Hoc|Any CPU
		Ad-Hoc|iPhone = Ad-Hoc|iPhone
		Ad-Hoc|iPhoneSimulator = Ad-Hoc|iPhoneSimulator
		AppStore|Any CPU = AppStore|Any CPU
		AppStore|iPhone = AppStore|iPhone
		AppStore|iPhoneSimulator = AppStore|iPhoneSimulator
		Debug|Any CPU = Debug|Any CPU
		Debug|iPhone = Debug|iPhone
		Debug|iPhoneSimulator = Debug|iPhoneSimulator
		Release|Any CPU = Release|Any CPU
		Release|iPhone = Release|iPhone
		Release|iPhoneSimulator = Release|iPhoneSimulator
	EndGlobalSection
	GlobalSection(ProjectConfigurationPlatforms) = postSolution
		{ABFC6B2D-8892-4F52-8A1B-E019A7970D22}.Ad-Hoc|Any CPU.ActiveCfg = Release|Any CPU
		{ABFC6B2D-8892-4F52-8A1B-E019A7970D22}.Ad-Hoc|Any CPU.Build.0 = Release|Any CPU
		{ABFC6B2D-8892-4F52-8A1B-E019A7970D22}.Ad-Hoc|Any CPU.Deploy.0 = Release|Any CPU
		{ABFC6B2D-8892-4F52-8A1B-E019A7970D22}.Ad-Hoc|iPhone.ActiveCfg = Release|Any CPU
		{ABFC6B2D-8892-4F52-8A1B-E019A7970D22}.Ad-Hoc|iPhone.Build.0 = Release|Any CPU
		{ABFC6B2D-8892-4F52-8A1B-E019A7970D22}.Ad-Hoc|iPhone.Deploy.0 = Release|Any CPU
		{ABFC6B2D-8892-4F52-8A1B-E019A7970D22}.Ad-Hoc|iPhoneSimulator.ActiveCfg = Release|Any CPU
		{ABFC6B2D-8892-4F52-8A1B-E019A7970D22}.Ad-Hoc|iPhoneSimulator.Build.0 = Release|Any CPU
		{ABFC6B2D-8892-4F52-8A1B-E019A7970D22}.Ad-Hoc|iPhoneSimulator.Deploy.0 = Release|Any CPU
		{ABFC6B2D-8892-4F52-8A1B-E019A7970D22}.AppStore|Any CPU.ActiveCfg = Release|Any CPU
		{ABFC6B2D-8892-4F52-8A1B-E019A7970D22}.AppStore|Any CPU.Build.0 = Release|Any CPU
		{ABFC6B2D-8892-4F52-8A1B-E019A7970D22}.AppStore|Any CPU.Deploy.0 = Release|Any CPU
		{ABFC6B2D-8892-4F52-8A1B-E019A7970D22}.AppStore|iPhone.ActiveCfg = Release|Any CPU
		{ABFC6B2D-8892-4F52-8A1B-E019A7970D22}.AppStore|iPhone.Build.0 = Release|Any CPU
		{ABFC6B2D-8892-4F52-8A1B-E019A7970D22}.AppStore|iPhone.Deploy.0 = Release|Any CPU
		{ABFC6B2D-8892-4F52-8A1B-E019A7970D22}.AppStore|iPhoneSimulator.ActiveCfg = Release|Any CPU
		{ABFC6B2D-8892-4F52-8A1B-E019A7970D22}.AppStore|iPhoneSimulator.Build.0 = Release|Any CPU
		{ABFC6B2D-8892-4F52-8A1B-E019A7970D22}.AppStore|iPhoneSimulator.Deploy.0 = Release|Any CPU
		{ABFC6B2D-8892-4F52-8A1B-E019A7970D22}.Debug|Any CPU.ActiveCfg = Debug|Any CPU
		{ABFC6B2D-8892-4F52-8A1B-E019A7970D22}.Debug|Any CPU.Build.0 = Debug|Any CPU
		{ABFC6B2D-8892-4F52-8A1B-E019A7970D22}.Debug|Any CPU.Deploy.0 = Debug|Any CPU
		{ABFC6B2D-8892-4F52-8A1B-E019A7970D22}.Debug|iPhone.ActiveCfg = Debug|Any CPU
		{ABFC6B2D-8892-4F52-8A1B-E019A7970D22}.Debug|iPhone.Build.0 = Debug|Any CPU
		{ABFC6B2D-8892-4F52-8A1B-E019A7970D22}.Debug|iPhone.Deploy.0 = Debug|Any CPU
		{ABFC6B2D-8892-4F52-8A1B-E019A7970D22}.Debug|iPhoneSimulator.ActiveCfg = Debug|Any CPU
		{ABFC6B2D-8892-4F52-8A1B-E019A7970D22}.Debug|iPhoneSimulator.Build.0 = Debug|Any CPU
		{ABFC6B2D-8892-4F52-8A1B-E019A7970D22}.Debug|iPhoneSimulator.Deploy.0 = Debug|Any CPU
		{ABFC6B2D-8892-4F52-8A1B-E019A7970D22}.Release|Any CPU.ActiveCfg = Release|Any CPU
		{ABFC6B2D-8892-4F52-8A1B-E019A7970D22}.Release|Any CPU.Build.0 = Release|Any CPU
		{ABFC6B2D-8892-4F52-8A1B-E019A7970D22}.Release|Any CPU.Deploy.0 = Release|Any CPU
		{ABFC6B2D-8892-4F52-8A1B-E019A7970D22}.Release|iPhone.ActiveCfg = Release|Any CPU
		{ABFC6B2D-8892-4F52-8A1B-E019A7970D22}.Release|iPhone.Build.0 = Release|Any CPU
		{ABFC6B2D-8892-4F52-8A1B-E019A7970D22}.Release|iPhone.Deploy.0 = Release|Any CPU
		{ABFC6B2D-8892-4F52-8A1B-E019A7970D22}.Release|iPhoneSimulator.ActiveCfg = Release|Any CPU
		{ABFC6B2D-8892-4F52-8A1B-E019A7970D22}.Release|iPhoneSimulator.Build.0 = Release|Any CPU
		{ABFC6B2D-8892-4F52-8A1B-E019A7970D22}.Release|iPhoneSimulator.Deploy.0 = Release|Any CPU
		{C7F69D91-70EE-4DFB-9822-1DE125A730D6}.Ad-Hoc|Any CPU.ActiveCfg = Ad-Hoc|iPhone
		{C7F69D91-70EE-4DFB-9822-1DE125A730D6}.Ad-Hoc|Any CPU.Build.0 = Ad-Hoc|iPhone
		{C7F69D91-70EE-4DFB-9822-1DE125A730D6}.Ad-Hoc|Any CPU.Deploy.0 = Ad-Hoc|iPhone
		{C7F69D91-70EE-4DFB-9822-1DE125A730D6}.Ad-Hoc|iPhone.ActiveCfg = Ad-Hoc|iPhone
		{C7F69D91-70EE-4DFB-9822-1DE125A730D6}.Ad-Hoc|iPhone.Build.0 = Ad-Hoc|iPhone
		{C7F69D91-70EE-4DFB-9822-1DE125A730D6}.Ad-Hoc|iPhone.Deploy.0 = Ad-Hoc|iPhone
		{C7F69D91-70EE-4DFB-9822-1DE125A730D6}.Ad-Hoc|iPhoneSimulator.ActiveCfg = Ad-Hoc|iPhoneSimulator
		{C7F69D91-70EE-4DFB-9822-1DE125A730D6}.Ad-Hoc|iPhoneSimulator.Build.0 = Ad-Hoc|iPhoneSimulator
		{C7F69D91-70EE-4DFB-9822-1DE125A730D6}.Ad-Hoc|iPhoneSimulator.Deploy.0 = Ad-Hoc|iPhoneSimulator
		{C7F69D91-70EE-4DFB-9822-1DE125A730D6}.AppStore|Any CPU.ActiveCfg = AppStore|iPhone
		{C7F69D91-70EE-4DFB-9822-1DE125A730D6}.AppStore|Any CPU.Build.0 = AppStore|iPhone
		{C7F69D91-70EE-4DFB-9822-1DE125A730D6}.AppStore|Any CPU.Deploy.0 = AppStore|iPhone
		{C7F69D91-70EE-4DFB-9822-1DE125A730D6}.AppStore|iPhone.ActiveCfg = AppStore|iPhone
		{C7F69D91-70EE-4DFB-9822-1DE125A730D6}.AppStore|iPhone.Build.0 = AppStore|iPhone
		{C7F69D91-70EE-4DFB-9822-1DE125A730D6}.AppStore|iPhone.Deploy.0 = AppStore|iPhone
		{C7F69D91-70EE-4DFB-9822-1DE125A730D6}.AppStore|iPhoneSimulator.ActiveCfg = AppStore|iPhoneSimulator
		{C7F69D91-70EE-4DFB-9822-1DE125A730D6}.AppStore|iPhoneSimulator.Build.0 = AppStore|iPhoneSimulator
		{C7F69D91-70EE-4DFB-9822-1DE125A730D6}.AppStore|iPhoneSimulator.Deploy.0 = AppStore|iPhoneSimulator
		{C7F69D91-70EE-4DFB-9822-1DE125A730D6}.Debug|Any CPU.ActiveCfg = Debug|iPhoneSimulator
		{C7F69D91-70EE-4DFB-9822-1DE125A730D6}.Debug|Any CPU.Build.0 = Debug|iPhoneSimulator
		{C7F69D91-70EE-4DFB-9822-1DE125A730D6}.Debug|Any CPU.Deploy.0 = Debug|iPhoneSimulator
		{C7F69D91-70EE-4DFB-9822-1DE125A730D6}.Debug|iPhone.ActiveCfg = Debug|iPhone
		{C7F69D91-70EE-4DFB-9822-1DE125A730D6}.Debug|iPhone.Build.0 = Debug|iPhone
		{C7F69D91-70EE-4DFB-9822-1DE125A730D6}.Debug|iPhone.Deploy.0 = Debug|iPhone
		{C7F69D91-70EE-4DFB-9822-1DE125A730D6}.Debug|iPhoneSimulator.ActiveCfg = Debug|iPhoneSimulator
		{C7F69D91-70EE-4DFB-9822-1DE125A730D6}.Debug|iPhoneSimulator.Build.0 = Debug|iPhoneSimulator
		{C7F69D91-70EE-4DFB-9822-1DE125A730D6}.Debug|iPhoneSimulator.Deploy.0 = Debug|iPhoneSimulator
		{C7F69D91-70EE-4DFB-9822-1DE125A730D6}.Release|Any CPU.ActiveCfg = Release|iPhone
		{C7F69D91-70EE-4DFB-9822-1DE125A730D6}.Release|Any CPU.Build.0 = Release|iPhone
		{C7F69D91-70EE-4DFB-9822-1DE125A730D6}.Release|Any CPU.Deploy.0 = Release|iPhone
		{C7F69D91-70EE-4DFB-9822-1DE125A730D6}.Release|iPhone.ActiveCfg = Release|iPhone
		{C7F69D91-70EE-4DFB-9822-1DE125A730D6}.Release|iPhone.Build.0 = Release|iPhone
		{C7F69D91-70EE-4DFB-9822-1DE125A730D6}.Release|iPhone.Deploy.0 = Release|iPhone
		{C7F69D91-70EE-4DFB-9822-1DE125A730D6}.Release|iPhoneSimulator.ActiveCfg = Release|iPhoneSimulator
		{C7F69D91-70EE-4DFB-9822-1DE125A730D6}.Release|iPhoneSimulator.Build.0 = Release|iPhoneSimulator
		{C7F69D91-70EE-4DFB-9822-1DE125A730D6}.Release|iPhoneSimulator.Deploy.0 = Release|iPhoneSimulator
		{90BABD57-31B5-450B-BB2B-7E75FBF5179A}.Ad-Hoc|Any CPU.ActiveCfg = Debug|Any CPU
		{90BABD57-31B5-450B-BB2B-7E75FBF5179A}.Ad-Hoc|Any CPU.Build.0 = Debug|Any CPU
		{90BABD57-31B5-450B-BB2B-7E75FBF5179A}.Ad-Hoc|Any CPU.Deploy.0 = Debug|Any CPU
		{90BABD57-31B5-450B-BB2B-7E75FBF5179A}.Ad-Hoc|iPhone.ActiveCfg = Debug|Any CPU
		{90BABD57-31B5-450B-BB2B-7E75FBF5179A}.Ad-Hoc|iPhone.Build.0 = Debug|Any CPU
		{90BABD57-31B5-450B-BB2B-7E75FBF5179A}.Ad-Hoc|iPhone.Deploy.0 = Debug|Any CPU
		{90BABD57-31B5-450B-BB2B-7E75FBF5179A}.Ad-Hoc|iPhoneSimulator.ActiveCfg = Debug|Any CPU
		{90BABD57-31B5-450B-BB2B-7E75FBF5179A}.Ad-Hoc|iPhoneSimulator.Build.0 = Debug|Any CPU
		{90BABD57-31B5-450B-BB2B-7E75FBF5179A}.Ad-Hoc|iPhoneSimulator.Deploy.0 = Debug|Any CPU
		{90BABD57-31B5-450B-BB2B-7E75FBF5179A}.AppStore|Any CPU.ActiveCfg = Debug|Any CPU
		{90BABD57-31B5-450B-BB2B-7E75FBF5179A}.AppStore|Any CPU.Build.0 = Debug|Any CPU
		{90BABD57-31B5-450B-BB2B-7E75FBF5179A}.AppStore|Any CPU.Deploy.0 = Debug|Any CPU
		{90BABD57-31B5-450B-BB2B-7E75FBF5179A}.AppStore|iPhone.ActiveCfg = Debug|Any CPU
		{90BABD57-31B5-450B-BB2B-7E75FBF5179A}.AppStore|iPhone.Build.0 = Debug|Any CPU
		{90BABD57-31B5-450B-BB2B-7E75FBF5179A}.AppStore|iPhone.Deploy.0 = Debug|Any CPU
		{90BABD57-31B5-450B-BB2B-7E75FBF5179A}.AppStore|iPhoneSimulator.ActiveCfg = Debug|Any CPU
		{90BABD57-31B5-450B-BB2B-7E75FBF5179A}.AppStore|iPhoneSimulator.Build.0 = Debug|Any CPU
		{90BABD57-31B5-450B-BB2B-7E75FBF5179A}.AppStore|iPhoneSimulator.Deploy.0 = Debug|Any CPU
		{90BABD57-31B5-450B-BB2B-7E75FBF5179A}.Debug|Any CPU.ActiveCfg = Debug|Any CPU
		{90BABD57-31B5-450B-BB2B-7E75FBF5179A}.Debug|Any CPU.Build.0 = Debug|Any CPU
		{90BABD57-31B5-450B-BB2B-7E75FBF5179A}.Debug|Any CPU.Deploy.0 = Debug|Any CPU
		{90BABD57-31B5-450B-BB2B-7E75FBF5179A}.Debug|iPhone.ActiveCfg = Debug|Any CPU
		{90BABD57-31B5-450B-BB2B-7E75FBF5179A}.Debug|iPhone.Build.0 = Debug|Any CPU
		{90BABD57-31B5-450B-BB2B-7E75FBF5179A}.Debug|iPhone.Deploy.0 = Debug|Any CPU
		{90BABD57-31B5-450B-BB2B-7E75FBF5179A}.Debug|iPhoneSimulator.ActiveCfg = Debug|Any CPU
		{90BABD57-31B5-450B-BB2B-7E75FBF5179A}.Debug|iPhoneSimulator.Build.0 = Debug|Any CPU
		{90BABD57-31B5-450B-BB2B-7E75FBF5179A}.Debug|iPhoneSimulator.Deploy.0 = Debug|Any CPU
		{90BABD57-31B5-450B-BB2B-7E75FBF5179A}.Release|Any CPU.ActiveCfg = Release|Any CPU
		{90BABD57-31B5-450B-BB2B-7E75FBF5179A}.Release|Any CPU.Build.0 = Release|Any CPU
		{90BABD57-31B5-450B-BB2B-7E75FBF5179A}.Release|Any CPU.Deploy.0 = Release|Any CPU
		{90BABD57-31B5-450B-BB2B-7E75FBF5179A}.Release|iPhone.ActiveCfg = Release|Any CPU
		{90BABD57-31B5-450B-BB2B-7E75FBF5179A}.Release|iPhone.Build.0 = Release|Any CPU
		{90BABD57-31B5-450B-BB2B-7E75FBF5179A}.Release|iPhone.Deploy.0 = Release|Any CPU
		{90BABD57-31B5-450B-BB2B-7E75FBF5179A}.Release|iPhoneSimulator.ActiveCfg = Release|Any CPU
		{90BABD57-31B5-450B-BB2B-7E75FBF5179A}.Release|iPhoneSimulator.Build.0 = Release|Any CPU
		{90BABD57-31B5-450B-BB2B-7E75FBF5179A}.Release|iPhoneSimulator.Deploy.0 = Release|Any CPU
	EndGlobalSection
	GlobalSection(SolutionProperties) = preSolution
		HideSolutionNode = FALSE
	EndGlobalSection
	GlobalSection(ExtensibilityGlobals) = postSolution
		SolutionGuid = {D8C70F72-0DC8-45F9-A6FF-206AF31366B2}
	EndGlobalSection
EndGlobal
